
Microsoft Visual Studio Solution File, Format Version 12.00
# Visual Studio 15
VisualStudioVersion = 15.0.28307.1022
MinimumVisualStudioVersion = 10.0.40219.1
Project("{FAE04EC0-301F-11D3-BF4B-00C04F79EFBC}") = "Task2_1Ex", "Task2_1Ex\Task2_1Ex.csproj", "{F9C6FEE4-E165-4629-BB59-AF165411536E}"
EndProject
Project("{FAE04EC0-301F-11D3-BF4B-00C04F79EFBC}") = "BinaryTreeTests", "BinaryTreeTests\BinaryTreeTests.csproj", "{0292E2E4-A2A7-4C49-963F-12E3DB7BFF41}"
EndProject
Global
	GlobalSection(SolutionConfigurationPlatforms) = preSolution
		Debug|Any CPU = Debug|Any CPU
		Release|Any CPU = Release|Any CPU
	EndGlobalSection
	GlobalSection(ProjectConfigurationPlatforms) = postSolution
		{F9C6FEE4-E165-4629-BB59-AF165411536E}.Debug|Any CPU.ActiveCfg = Debug|Any CPU
		{F9C6FEE4-E165-4629-BB59-AF165411536E}.Debug|Any CPU.Build.0 = Debug|Any CPU
		{F9C6FEE4-E165-4629-BB59-AF165411536E}.Release|Any CPU.ActiveCfg = Release|Any CPU
		{F9C6FEE4-E165-4629-BB59-AF165411536E}.Release|Any CPU.Build.0 = Release|Any CPU
		{0292E2E4-A2A7-4C49-963F-12E3DB7BFF41}.Debug|Any CPU.ActiveCfg = Debug|Any CPU
		{0292E2E4-A2A7-4C49-963F-12E3DB7BFF41}.Debug|Any CPU.Build.0 = Debug|Any CPU
		{0292E2E4-A2A7-4C49-963F-12E3DB7BFF41}.Release|Any CPU.ActiveCfg = Release|Any CPU
		{0292E2E4-A2A7-4C49-963F-12E3DB7BFF41}.Release|Any CPU.Build.0 = Release|Any CPU
	EndGlobalSection
	GlobalSection(SolutionProperties) = preSolution
		HideSolutionNode = FALSE
	EndGlobalSection
	GlobalSection(ExtensibilityGlobals) = postSolution
		SolutionGuid = {D9532228-F68D-42B4-A271-EBD00AFACC92}
	EndGlobalSection
EndGlobal
